
Microsoft Visual Studio Solution File, Format Version 12.00
# Visual Studio Version 17
VisualStudioVersion = 17.8.34511.84
MinimumVisualStudioVersion = 10.0.40219.1
Project("{FAE04EC0-301F-11D3-BF4B-00C04F79EFBC}") = "ConversaoDeTemperatura", "ConversaoDeTemperatura.csproj", "{A51132BB-A1AE-45F3-A3F8-DFCDA72C5791}"
EndProject
Project("{FAE04EC0-301F-11D3-BF4B-00C04F79EFBC}") = "ConversaoDeTemperatura.Test", "..\ConversaoDeTemperatura.Test\ConversaoDeTemperatura.Test.csproj", "{101CB472-DA72-4E3F-9094-93D19D0F4200}"
EndProject
Global
	GlobalSection(SolutionConfigurationPlatforms) = preSolution
		Debug|Any CPU = Debug|Any CPU
		Release|Any CPU = Release|Any CPU
	EndGlobalSection
	GlobalSection(ProjectConfigurationPlatforms) = postSolution
		{A51132BB-A1AE-45F3-A3F8-DFCDA72C5791}.Debug|Any CPU.ActiveCfg = Debug|Any CPU
		{A51132BB-A1AE-45F3-A3F8-DFCDA72C5791}.Debug|Any CPU.Build.0 = Debug|Any CPU
		{A51132BB-A1AE-45F3-A3F8-DFCDA72C5791}.Release|Any CPU.ActiveCfg = Release|Any CPU
		{A51132BB-A1AE-45F3-A3F8-DFCDA72C5791}.Release|Any CPU.Build.0 = Release|Any CPU
		{101CB472-DA72-4E3F-9094-93D19D0F4200}.Debug|Any CPU.ActiveCfg = Debug|Any CPU
		{101CB472-DA72-4E3F-9094-93D19D0F4200}.Debug|Any CPU.Build.0 = Debug|Any CPU
		{101CB472-DA72-4E3F-9094-93D19D0F4200}.Release|Any CPU.ActiveCfg = Release|Any CPU
		{101CB472-DA72-4E3F-9094-93D19D0F4200}.Release|Any CPU.Build.0 = Release|Any CPU
	EndGlobalSection
	GlobalSection(SolutionProperties) = preSolution
		HideSolutionNode = FALSE
	EndGlobalSection
	GlobalSection(ExtensibilityGlobals) = postSolution
		SolutionGuid = {62C9DBE5-42AA-409D-8573-3C87E7EA1076}
	EndGlobalSection
EndGlobal
