
Microsoft Visual Studio Solution File, Format Version 12.00
# Visual Studio Version 17
VisualStudioVersion = 17.8.34511.84
MinimumVisualStudioVersion = 10.0.40219.1
Project("{FAE04EC0-301F-11D3-BF4B-00C04F79EFBC}") = "Calculos", "Calculos.csproj", "{8F1E7715-F630-4BE7-81F4-B2AA47B4E8F4}"
EndProject
Project("{FAE04EC0-301F-11D3-BF4B-00C04F79EFBC}") = "Calculos.Test", "..\Calculos.Test\Calculos.Test.csproj", "{126A5F05-635C-40A5-9152-9D7D00F2F897}"
EndProject
Global
	GlobalSection(SolutionConfigurationPlatforms) = preSolution
		Debug|Any CPU = Debug|Any CPU
		Release|Any CPU = Release|Any CPU
	EndGlobalSection
	GlobalSection(ProjectConfigurationPlatforms) = postSolution
		{8F1E7715-F630-4BE7-81F4-B2AA47B4E8F4}.Debug|Any CPU.ActiveCfg = Debug|Any CPU
		{8F1E7715-F630-4BE7-81F4-B2AA47B4E8F4}.Debug|Any CPU.Build.0 = Debug|Any CPU
		{8F1E7715-F630-4BE7-81F4-B2AA47B4E8F4}.Release|Any CPU.ActiveCfg = Release|Any CPU
		{8F1E7715-F630-4BE7-81F4-B2AA47B4E8F4}.Release|Any CPU.Build.0 = Release|Any CPU
		{126A5F05-635C-40A5-9152-9D7D00F2F897}.Debug|Any CPU.ActiveCfg = Debug|Any CPU
		{126A5F05-635C-40A5-9152-9D7D00F2F897}.Debug|Any CPU.Build.0 = Debug|Any CPU
		{126A5F05-635C-40A5-9152-9D7D00F2F897}.Release|Any CPU.ActiveCfg = Release|Any CPU
		{126A5F05-635C-40A5-9152-9D7D00F2F897}.Release|Any CPU.Build.0 = Release|Any CPU
	EndGlobalSection
	GlobalSection(SolutionProperties) = preSolution
		HideSolutionNode = FALSE
	EndGlobalSection
	GlobalSection(ExtensibilityGlobals) = postSolution
		SolutionGuid = {8BD8956B-9419-4F1F-B988-C69F83E0282F}
	EndGlobalSection
EndGlobal
