
Microsoft Visual Studio Solution File, Format Version 12.00
# Visual Studio Version 17
VisualStudioVersion = 17.5.002.0
MinimumVisualStudioVersion = 10.0.40219.1
Project("{9A19103F-16F7-4668-BE54-9A1E7A4F7556}") = "Exercicio4", "Exercicio4.csproj", "{71A7F06B-2D45-49D6-A3AA-C4282CB71770}"
EndProject
Global
	GlobalSection(SolutionConfigurationPlatforms) = preSolution
		Debug|Any CPU = Debug|Any CPU
		Release|Any CPU = Release|Any CPU
	EndGlobalSection
	GlobalSection(ProjectConfigurationPlatforms) = postSolution
		{71A7F06B-2D45-49D6-A3AA-C4282CB71770}.Debug|Any CPU.ActiveCfg = Debug|Any CPU
		{71A7F06B-2D45-49D6-A3AA-C4282CB71770}.Debug|Any CPU.Build.0 = Debug|Any CPU
		{71A7F06B-2D45-49D6-A3AA-C4282CB71770}.Release|Any CPU.ActiveCfg = Release|Any CPU
		{71A7F06B-2D45-49D6-A3AA-C4282CB71770}.Release|Any CPU.Build.0 = Release|Any CPU
	EndGlobalSection
	GlobalSection(SolutionProperties) = preSolution
		HideSolutionNode = FALSE
	EndGlobalSection
	GlobalSection(ExtensibilityGlobals) = postSolution
		SolutionGuid = {15B15C30-A847-472D-9098-C1A425386EF0}
	EndGlobalSection
EndGlobal
