
Microsoft Visual Studio Solution File, Format Version 12.00
# Visual Studio Version 17
VisualStudioVersion = 17.5.002.0
MinimumVisualStudioVersion = 10.0.40219.1
Project("{9A19103F-16F7-4668-BE54-9A1E7A4F7556}") = "Exercicio3", "Exercicio3.csproj", "{778443E8-46B9-4CC9-A6CC-AC054FDFD5AA}"
EndProject
Global
	GlobalSection(SolutionConfigurationPlatforms) = preSolution
		Debug|Any CPU = Debug|Any CPU
		Release|Any CPU = Release|Any CPU
	EndGlobalSection
	GlobalSection(ProjectConfigurationPlatforms) = postSolution
		{778443E8-46B9-4CC9-A6CC-AC054FDFD5AA}.Debug|Any CPU.ActiveCfg = Debug|Any CPU
		{778443E8-46B9-4CC9-A6CC-AC054FDFD5AA}.Debug|Any CPU.Build.0 = Debug|Any CPU
		{778443E8-46B9-4CC9-A6CC-AC054FDFD5AA}.Release|Any CPU.ActiveCfg = Release|Any CPU
		{778443E8-46B9-4CC9-A6CC-AC054FDFD5AA}.Release|Any CPU.Build.0 = Release|Any CPU
	EndGlobalSection
	GlobalSection(SolutionProperties) = preSolution
		HideSolutionNode = FALSE
	EndGlobalSection
	GlobalSection(ExtensibilityGlobals) = postSolution
		SolutionGuid = {F0689838-D225-40BF-BD75-5BFB22BA6640}
	EndGlobalSection
EndGlobal
