
Microsoft Visual Studio Solution File, Format Version 12.00
# Visual Studio Version 17
VisualStudioVersion = 17.5.002.0
MinimumVisualStudioVersion = 10.0.40219.1
Project("{9A19103F-16F7-4668-BE54-9A1E7A4F7556}") = "Exercicio5", "Exercicio5.csproj", "{1B30D58A-C546-4D07-BD15-F7FB37BA7A55}"
EndProject
Global
	GlobalSection(SolutionConfigurationPlatforms) = preSolution
		Debug|Any CPU = Debug|Any CPU
		Release|Any CPU = Release|Any CPU
	EndGlobalSection
	GlobalSection(ProjectConfigurationPlatforms) = postSolution
		{1B30D58A-C546-4D07-BD15-F7FB37BA7A55}.Debug|Any CPU.ActiveCfg = Debug|Any CPU
		{1B30D58A-C546-4D07-BD15-F7FB37BA7A55}.Debug|Any CPU.Build.0 = Debug|Any CPU
		{1B30D58A-C546-4D07-BD15-F7FB37BA7A55}.Release|Any CPU.ActiveCfg = Release|Any CPU
		{1B30D58A-C546-4D07-BD15-F7FB37BA7A55}.Release|Any CPU.Build.0 = Release|Any CPU
	EndGlobalSection
	GlobalSection(SolutionProperties) = preSolution
		HideSolutionNode = FALSE
	EndGlobalSection
	GlobalSection(ExtensibilityGlobals) = postSolution
		SolutionGuid = {49023A5A-D6E8-4030-892E-0D751BF0CAD7}
	EndGlobalSection
EndGlobal
