
Microsoft Visual Studio Solution File, Format Version 12.00
# Visual Studio Version 17
VisualStudioVersion = 17.5.002.0
MinimumVisualStudioVersion = 10.0.40219.1
Project("{9A19103F-16F7-4668-BE54-9A1E7A4F7556}") = "Sprint-de-revisao", "Sprint-de-revisao.csproj", "{C8A4D910-B108-4280-800E-4F370C867755}"
EndProject
Global
	GlobalSection(SolutionConfigurationPlatforms) = preSolution
		Debug|Any CPU = Debug|Any CPU
		Release|Any CPU = Release|Any CPU
	EndGlobalSection
	GlobalSection(ProjectConfigurationPlatforms) = postSolution
		{C8A4D910-B108-4280-800E-4F370C867755}.Debug|Any CPU.ActiveCfg = Debug|Any CPU
		{C8A4D910-B108-4280-800E-4F370C867755}.Debug|Any CPU.Build.0 = Debug|Any CPU
		{C8A4D910-B108-4280-800E-4F370C867755}.Release|Any CPU.ActiveCfg = Release|Any CPU
		{C8A4D910-B108-4280-800E-4F370C867755}.Release|Any CPU.Build.0 = Release|Any CPU
	EndGlobalSection
	GlobalSection(SolutionProperties) = preSolution
		HideSolutionNode = FALSE
	EndGlobalSection
	GlobalSection(ExtensibilityGlobals) = postSolution
		SolutionGuid = {41382E80-415A-486C-A720-0030FF7B2584}
	EndGlobalSection
EndGlobal
