
Microsoft Visual Studio Solution File, Format Version 12.00
# Visual Studio Version 17
VisualStudioVersion = 17.8.34511.84
MinimumVisualStudioVersion = 10.0.40219.1
Project("{FAE04EC0-301F-11D3-BF4B-00C04F79EFBC}") = "ValidacaoDeEmail", "ValidacaoDeEmail.csproj", "{9841F9E5-F4DF-4539-B6CB-7AAD1CA11A1C}"
EndProject
Project("{FAE04EC0-301F-11D3-BF4B-00C04F79EFBC}") = "ValidacaoDeEmail.Test", "..\ValidacaoDeEmail.Test\ValidacaoDeEmail.Test.csproj", "{352E58BE-0FEA-4C27-8693-8C65B1632268}"
EndProject
Global
	GlobalSection(SolutionConfigurationPlatforms) = preSolution
		Debug|Any CPU = Debug|Any CPU
		Release|Any CPU = Release|Any CPU
	EndGlobalSection
	GlobalSection(ProjectConfigurationPlatforms) = postSolution
		{9841F9E5-F4DF-4539-B6CB-7AAD1CA11A1C}.Debug|Any CPU.ActiveCfg = Debug|Any CPU
		{9841F9E5-F4DF-4539-B6CB-7AAD1CA11A1C}.Debug|Any CPU.Build.0 = Debug|Any CPU
		{9841F9E5-F4DF-4539-B6CB-7AAD1CA11A1C}.Release|Any CPU.ActiveCfg = Release|Any CPU
		{9841F9E5-F4DF-4539-B6CB-7AAD1CA11A1C}.Release|Any CPU.Build.0 = Release|Any CPU
		{352E58BE-0FEA-4C27-8693-8C65B1632268}.Debug|Any CPU.ActiveCfg = Debug|Any CPU
		{352E58BE-0FEA-4C27-8693-8C65B1632268}.Debug|Any CPU.Build.0 = Debug|Any CPU
		{352E58BE-0FEA-4C27-8693-8C65B1632268}.Release|Any CPU.ActiveCfg = Release|Any CPU
		{352E58BE-0FEA-4C27-8693-8C65B1632268}.Release|Any CPU.Build.0 = Release|Any CPU
	EndGlobalSection
	GlobalSection(SolutionProperties) = preSolution
		HideSolutionNode = FALSE
	EndGlobalSection
	GlobalSection(ExtensibilityGlobals) = postSolution
		SolutionGuid = {E152481E-6409-45E5-927C-94C615B6DC78}
	EndGlobalSection
EndGlobal
